
Microsoft Visual Studio Solution File, Format Version 12.00
# Visual Studio Version 16
VisualStudioVersion = 16.0.29324.140
MinimumVisualStudioVersion = 10.0.40219.1
Project("{FAE04EC0-301F-11D3-BF4B-00C04F79EFBC}") = "Puffix.EFCoreSample.Android", "Puffix.EFCoreSample\Puffix.EFCoreSample.Android\Puffix.EFCoreSample.Android.csproj", "{0007B708-B0CE-45B5-AA83-4D5ECE7BFD98}"
EndProject
Project("{FAE04EC0-301F-11D3-BF4B-00C04F79EFBC}") = "Puffix.EFCoreSample", "Puffix.EFCoreSample\Puffix.EFCoreSample\Puffix.EFCoreSample.csproj", "{82B75951-A639-4294-9AFB-87B5F2ADC099}"
EndProject
Global
	GlobalSection(SolutionConfigurationPlatforms) = preSolution
		Debug|Any CPU = Debug|Any CPU
		Release|Any CPU = Release|Any CPU
	EndGlobalSection
	GlobalSection(ProjectConfigurationPlatforms) = postSolution
		{0007B708-B0CE-45B5-AA83-4D5ECE7BFD98}.Debug|Any CPU.ActiveCfg = Debug|Any CPU
		{0007B708-B0CE-45B5-AA83-4D5ECE7BFD98}.Debug|Any CPU.Build.0 = Debug|Any CPU
		{0007B708-B0CE-45B5-AA83-4D5ECE7BFD98}.Debug|Any CPU.Deploy.0 = Debug|Any CPU
		{0007B708-B0CE-45B5-AA83-4D5ECE7BFD98}.Release|Any CPU.ActiveCfg = Release|Any CPU
		{0007B708-B0CE-45B5-AA83-4D5ECE7BFD98}.Release|Any CPU.Build.0 = Release|Any CPU
		{0007B708-B0CE-45B5-AA83-4D5ECE7BFD98}.Release|Any CPU.Deploy.0 = Release|Any CPU
		{82B75951-A639-4294-9AFB-87B5F2ADC099}.Debug|Any CPU.ActiveCfg = Debug|Any CPU
		{82B75951-A639-4294-9AFB-87B5F2ADC099}.Debug|Any CPU.Build.0 = Debug|Any CPU
		{82B75951-A639-4294-9AFB-87B5F2ADC099}.Debug|Any CPU.Deploy.0 = Debug|Any CPU
		{82B75951-A639-4294-9AFB-87B5F2ADC099}.Release|Any CPU.ActiveCfg = Release|Any CPU
		{82B75951-A639-4294-9AFB-87B5F2ADC099}.Release|Any CPU.Build.0 = Release|Any CPU
		{82B75951-A639-4294-9AFB-87B5F2ADC099}.Release|Any CPU.Deploy.0 = Release|Any CPU
	EndGlobalSection
	GlobalSection(SolutionProperties) = preSolution
		HideSolutionNode = FALSE
	EndGlobalSection
	GlobalSection(ExtensibilityGlobals) = postSolution
		SolutionGuid = {E3F82A2B-A1A3-4C15-8ED6-D204CD53907E}
	EndGlobalSection
EndGlobal
